
Microsoft Visual Studio Solution File, Format Version 12.00
# Visual Studio Version 17
VisualStudioVersion = 17.10.34928.147
MinimumVisualStudioVersion = 10.0.40219.1
Project("{9A19103F-16F7-4668-BE54-9A1E7A4F7556}") = "CSVDataUploader", "CSVDataUploader\CSVDataUploader.csproj", "{52541E4E-4F77-4AF9-ABB4-DBE983D96393}"
EndProject
Project("{9A19103F-16F7-4668-BE54-9A1E7A4F7556}") = "CSVDataUploaderDataAccessLibrary", "CSVDataUploaderDataAccessLibrary\CSVDataUploaderDataAccessLibrary.csproj", "{C1044723-6C4F-481E-A6D9-D7A066D1E432}"
EndProject
Project("{FAE04EC0-301F-11D3-BF4B-00C04F79EFBC}") = "CSVDataUploaderLibrary", "CSVDataUploaderLibrary\CSVDataUploaderLibrary.csproj", "{6C7E3ECC-3269-4002-B772-3925BFEF9011}"
EndProject
Project("{FAE04EC0-301F-11D3-BF4B-00C04F79EFBC}") = "DbFileUploader", "DbFileUploader\DbFileUploader.csproj", "{EA41113A-4A8D-4FB3-912E-774D59753A41}"
EndProject
Global
	GlobalSection(SolutionConfigurationPlatforms) = preSolution
		Debug|Any CPU = Debug|Any CPU
		Release|Any CPU = Release|Any CPU
	EndGlobalSection
	GlobalSection(ProjectConfigurationPlatforms) = postSolution
		{52541E4E-4F77-4AF9-ABB4-DBE983D96393}.Debug|Any CPU.ActiveCfg = Debug|Any CPU
		{52541E4E-4F77-4AF9-ABB4-DBE983D96393}.Debug|Any CPU.Build.0 = Debug|Any CPU
		{52541E4E-4F77-4AF9-ABB4-DBE983D96393}.Release|Any CPU.ActiveCfg = Release|Any CPU
		{52541E4E-4F77-4AF9-ABB4-DBE983D96393}.Release|Any CPU.Build.0 = Release|Any CPU
		{C1044723-6C4F-481E-A6D9-D7A066D1E432}.Debug|Any CPU.ActiveCfg = Debug|Any CPU
		{C1044723-6C4F-481E-A6D9-D7A066D1E432}.Debug|Any CPU.Build.0 = Debug|Any CPU
		{C1044723-6C4F-481E-A6D9-D7A066D1E432}.Release|Any CPU.ActiveCfg = Release|Any CPU
		{C1044723-6C4F-481E-A6D9-D7A066D1E432}.Release|Any CPU.Build.0 = Release|Any CPU
		{6C7E3ECC-3269-4002-B772-3925BFEF9011}.Debug|Any CPU.ActiveCfg = Debug|Any CPU
		{6C7E3ECC-3269-4002-B772-3925BFEF9011}.Debug|Any CPU.Build.0 = Debug|Any CPU
		{6C7E3ECC-3269-4002-B772-3925BFEF9011}.Release|Any CPU.ActiveCfg = Release|Any CPU
		{6C7E3ECC-3269-4002-B772-3925BFEF9011}.Release|Any CPU.Build.0 = Release|Any CPU
		{EA41113A-4A8D-4FB3-912E-774D59753A41}.Debug|Any CPU.ActiveCfg = Debug|Any CPU
		{EA41113A-4A8D-4FB3-912E-774D59753A41}.Debug|Any CPU.Build.0 = Debug|Any CPU
		{EA41113A-4A8D-4FB3-912E-774D59753A41}.Release|Any CPU.ActiveCfg = Release|Any CPU
		{EA41113A-4A8D-4FB3-912E-774D59753A41}.Release|Any CPU.Build.0 = Release|Any CPU
	EndGlobalSection
	GlobalSection(SolutionProperties) = preSolution
		HideSolutionNode = FALSE
	EndGlobalSection
	GlobalSection(ExtensibilityGlobals) = postSolution
		SolutionGuid = {0336ECF7-2BAA-4229-B792-CC7506405FE4}
	EndGlobalSection
EndGlobal
